version = 1
revision = 3
requires-python = ">=3.14"

[[package]]
name = "attrs"
version = "25.4.0"
source = { registry = "https://pypi.org/simple" }
sdist = { url = "https://files.pythonhosted.org/packages/6b/5c/685e6633917e101e5dcb62b9dd76946cbb57c26e133bae9e0cd36033c0a9/attrs-25.4.0.tar.gz", hash = "sha256:16d5969b87f0859ef33a48b35d55ac1be6e42ae49d5e853b597db70c35c57e11", size = 934251, upload-time = "2025-10-06T13:54:44.725Z" }
wheels = [
    { url = "https://files.pythonhosted.org/packages/3a/2a/7cc015f5b9f5db42b7d48157e23356022889fc354a2813c15934b7cb5c0e/attrs-25.4.0-py3-none-any.whl", hash = "sha256:adcf7e2a1fb3b36ac48d97835bb6d8ade15b8dcce26aba8bf1d14847b57a3373", size = 67615, upload-time = "2025-10-06T13:54:43.17Z" },
]

[[package]]
name = "colorama"
version = "0.4.6"
source = { registry = "https://pypi.org/simple" }
sdist = { url = "https://files.pythonhosted.org/packages/d8/53/6f443c9a4a8358a93a6792e2acffb9d9d5cb0a5cfd8802644b7b1c9a02e4/colorama-0.4.6.tar.gz", hash = "sha256:08695f5cb7ed6e0531a20572697297273c47b8cae5a63ffc6d6ed5c201be6e44", size = 27697, upload-time = "2022-10-25T02:36:22.414Z" }
wheels = [
    { url = "https://files.pythonhosted.org/packages/d1/d6/3965ed04c63042e047cb6a3e6ed1a63a35087b6a609aa3a15ed8ac56c221/colorama-0.4.6-py2.py3-none-any.whl", hash = "sha256:4f1d9991f5acc0ca119f9d443620b77f9d6b33703e51011c16baf57afb285fc6", size = 25335, upload-time = "2022-10-25T02:36:20.889Z" },
]

[[package]]
name = "coverage"
version = "7.14.1"
source = { registry = "https://pypi.org/simple" }
sdist = { url = "https://files.pythonhosted.org/packages/54/fd/0ab2772530e946e1be1abd0bc09e647ec9b02e88f0867857601fefca8953/coverage-7.14.1.tar.gz", hash = "sha256:30c08f7d90415aa98b3c990385dea2939b0da55f38515e5b369b83655f8523be", size = 920132, upload-time = "2026-05-26T20:41:36.783Z" }
wheels = [
    { url = "https://files.pythonhosted.org/packages/d6/34/fc2f101b151af3799a101f0550b0454aa008afdc0add677394ec4aa8ea10/coverage-7.14.1-cp314-cp314-macosx_10_15_x86_64.whl", hash = "sha256:d5ed429d0b8edaac649e889b4ffcedb6c80b06629a3f93050e3dddfb99235bee", size = 220091, upload-time = "2026-05-26T20:40:27.249Z" },
    { url = "https://files.pythonhosted.org/packages/3d/a7/1ebae2ab5b961b5c79bb09fe7b3ac99edb190d8be4a8c510b2cf66f46468/coverage-7.14.1-cp314-cp314-macosx_11_0_arm64.whl", hash = "sha256:8011224a62280e50dab346960c03cf47aca1a1e09e608c0fb33fd6e0cc8e9500", size = 220421, upload-time = "2026-05-26T20:40:30.084Z" },
    { url = "https://files.pythonhosted.org/packages/5e/90/92aca9cf0acc95123c96cd1eb1f08917897a7f5dee01e15738922971ec31/coverage-7.14.1-cp314-cp314-manylinux1_i686.manylinux_2_28_i686.manylinux_2_5_i686.whl", hash = "sha256:12c42ec1e14f553c4f817e989365982e646e27211f10a0f717855b94a79c8906", size = 251466, upload-time = "2026-05-26T20:40:32.542Z" },
    { url = "https://files.pythonhosted.org/packages/26/2b/78048cbe3b999f6cbf9cc0d90abba6a88a3e0863a8c1c6cbc762f3f8802f/coverage-7.14.1-cp314-cp314-manylinux1_x86_64.manylinux_2_28_x86_64.manylinux_2_5_x86_64.whl", hash = "sha256:06144cd511cf2624873a035c5069cf297144f6e77a73ee3d7a55b605ec5efb42", size = 253973, upload-time = "2026-05-26T20:40:34.473Z" },
    { url = "https://files.pythonhosted.org/packages/8e/21/c2e33b29d1cfde484a19d437afc343c6cd30b08d78cbbf9f5aff14e57b2b/coverage-7.14.1-cp314-cp314-manylinux2014_aarch64.manylinux_2_17_aarch64.manylinux_2_28_aarch64.whl", hash = "sha256:a311d8e1da24be5c1ccf85cbfb06315dbaa1703d5a1eab3f6432c72b837917c8", size = 255318, upload-time = "2026-05-26T20:40:38.154Z" },
    { url = "https://files.pythonhosted.org/packages/8e/ee/aad2f108d63b769121005302f16bf66db8625c88ceaba466942e09a2607e/coverage-7.14.1-cp314-cp314-manylinux2014_ppc64le.manylinux_2_17_ppc64le.manylinux_2_28_ppc64le.whl", hash = "sha256:c79cead5b5bc584d9c71451cb984d0e3a84e0c0937379c8efcbf27c8d661b851", size = 257633, upload-time = "2026-05-26T20:40:40.164Z" },
    { url = "https://files.pythonhosted.org/packages/c2/f8/11a2c29b4fd76d9849f81d0bb812ec0017a9396df3217214e38934a8c837/coverage-7.14.1-cp314-cp314-manylinux_2_31_riscv64.manylinux_2_39_riscv64.whl", hash = "sha256:dcbf65f1f66a26cdd88c35cf68fb4729c5d1cd2e88added72420541dfb212034", size = 251488, upload-time = "2026-05-26T20:40:42.631Z" },
    { url = "https://files.pythonhosted.org/packages/c9/b8/9a5820de4b8ac2b71d85e3b5fb49108d7469c665f0e2ad0dd7569023e305/coverage-7.14.1-cp314-cp314-musllinux_1_2_aarch64.whl", hash = "sha256:fd86572566fb40189a8260446158235159bc7a82dfbc87a3b39cf4fb57fcec1c", size = 253329, upload-time = "2026-05-26T20:40:45.208Z" },
    { url = "https://files.pythonhosted.org/packages/6b/ff/f33e4823667e27548e8fd8df44217515303f9808d0ff29817db56f87d990/coverage-7.14.1-cp314-cp314-musllinux_1_2_i686.whl", hash = "sha256:7771b601718fdde84832c3a434ca9bbf4ae9adbc49d84198b4110700c3c77c36", size = 251291, upload-time = "2026-05-26T20:40:47.502Z" },
    { url = "https://files.pythonhosted.org/packages/68/9b/489db0ebb209054766b90a9014a45f6d26eb724c02ec21311c3733b5a644/coverage-7.14.1-cp314-cp314-musllinux_1_2_ppc64le.whl", hash = "sha256:39b21e212c55af06fa375e3dbf90a8a8e38792f3a910c580066d23563830ddd5", size = 255564, upload-time = "2026-05-26T20:40:49.372Z" },
    { url = "https://files.pythonhosted.org/packages/27/b5/16bc2d4c2409b23c7737edb68c83bc89e345f378050549fe1d75ac7d34d5/coverage-7.14.1-cp314-cp314-musllinux_1_2_riscv64.whl", hash = "sha256:f2302660e32562a532b442480121aef8aa61a5bdb20b30bf0adab29f10a5a4b4", size = 251107, upload-time = "2026-05-26T20:40:51.677Z" },
    { url = "https://files.pythonhosted.org/packages/7d/0c/2629997469a00cd069d588a41c9dc887610f2775ae89d250c4791e65272a/coverage-7.14.1-cp314-cp314-musllinux_1_2_x86_64.whl", hash = "sha256:03a6f93c1ec3b7f2e77b5dbcc5573a2c21f12529a5c6bbe0f16f72303cc2fa4d", size = 252764, upload-time = "2026-05-26T20:40:54.267Z" },
    { url = "https://files.pythonhosted.org/packages/d2/ee/f78d63c8f079e0d7211c7e2401fa17e311514534ba61bae03e4b287ce4ab/coverage-7.14.1-cp314-cp314-win32.whl", hash = "sha256:8a3ce026d73290f42f08dafecbd82c193a74df280461fbf97300fec51fd133ee", size = 222837, upload-time = "2026-05-26T20:40:56.496Z" },
    { url = "https://files.pythonhosted.org/packages/dc/b9/be539854f93a70dfbeec69117f33ec70dc42ff0b65b5b07ab8d40d04228e/coverage-7.14.1-cp314-cp314-win_amd64.whl", hash = "sha256:114c95ef29302423b87d159075805f4ab973254a2638a5d7d046c94887cc87d7", size = 223650, upload-time = "2026-05-26T20:40:58.351Z" },
    { url = "https://files.pythonhosted.org/packages/fe/9e/24e2842fef40f35ac82ba3a7719c8023d011bf3bf652d0675316a9d088a1/coverage-7.14.1-cp314-cp314-win_arm64.whl", hash = "sha256:a07891c3f4805442b31b71e84ba3cf29ed1aa9a428284e06deeb4b23e5b46343", size = 222218, upload-time = "2026-05-26T20:41:00.321Z" },
    { url = "https://files.pythonhosted.org/packages/0a/1d/ac0a9df5fe31c1e8bdd658074905fc12844a05c1a7e3fdb8417e97c31e23/coverage-7.14.1-cp314-cp314t-macosx_10_15_x86_64.whl", hash = "sha256:1101a5ebb083aecb625ebb6209d4105b58f647b093cb2dc8122d7b33f743cfe1", size = 220822, upload-time = "2026-05-26T20:41:02.281Z" },
    { url = "https://files.pythonhosted.org/packages/32/cf/f964fd9aff20323f9f1a726c97135f8a76bcd87b92dad141a456a43f3c64/coverage-7.14.1-cp314-cp314t-macosx_11_0_arm64.whl", hash = "sha256:851b9e1e4e8a4608e77c79714b2e77c0970d2ed7202a05e92ae407817481887b", size = 221084, upload-time = "2026-05-26T20:41:04.593Z" },
    { url = "https://files.pythonhosted.org/packages/d8/5e/7e5ef2aba844de2b80d678619fcf0841b42e3f37f16411226f3fe4c1016f/coverage-7.14.1-cp314-cp314t-manylinux1_i686.manylinux_2_28_i686.manylinux_2_5_i686.whl", hash = "sha256:d5b89cdfb2ee051b71e8c3c70bd81a9eff81100f736a269136fe1a68efe00474", size = 262454, upload-time = "2026-05-26T20:41:06.641Z" },
    { url = "https://files.pythonhosted.org/packages/64/62/75809bded87015cc4935524218a2a8ed8dd1a8498bfed30a2f4f7a4b4d34/coverage-7.14.1-cp314-cp314t-manylinux1_x86_64.manylinux_2_28_x86_64.manylinux_2_5_x86_64.whl", hash = "sha256:0177614a0370f227888b4e436a7c55686d6a9f90eb1ade2b624ba685a1686e86", size = 264578, upload-time = "2026-05-26T20:41:08.556Z" },
    { url = "https://files.pythonhosted.org/packages/f3/42/d33392dc14633525012d2d504fa1a33b05538bf535f5c1d64675e5754b78/coverage-7.14.1-cp314-cp314t-manylinux2014_aarch64.manylinux_2_17_aarch64.manylinux_2_28_aarch64.whl", hash = "sha256:2d69af5dea2de76fc485a83032a630523f985198b7e25be901ec60181587b01e", size = 266981, upload-time = "2026-05-26T20:41:10.824Z" },
    { url = "https://files.pythonhosted.org/packages/2a/49/0157c4428c2aca7f1e09d5565930586fd5ae36f1655f08b0daa7cf1fcae1/coverage-7.14.1-cp314-cp314t-manylinux2014_ppc64le.manylinux_2_17_ppc64le.manylinux_2_28_ppc64le.whl", hash = "sha256:35ab22d91de736e8966b980dc355cbcdd2c6dbbcfe275f9a2991bc8a91b3df65", size = 268112, upload-time = "2026-05-26T20:41:12.966Z" },
    { url = "https://files.pythonhosted.org/packages/96/26/86b9ce71f4092b1ed325ce1421698081df1286b833400b6836912834d6e0/coverage-7.14.1-cp314-cp314t-manylinux_2_31_riscv64.manylinux_2_39_riscv64.whl", hash = "sha256:357d4e32935c36588aaba057d734fa32428c360c9fc2e4442afbf1b646beee6e", size = 261558, upload-time = "2026-05-26T20:41:15Z" },
    { url = "https://files.pythonhosted.org/packages/20/4c/c311210c5472cf5401d8422b0d7812cdd520f24417673afabda6c323faca/coverage-7.14.1-cp314-cp314t-musllinux_1_2_aarch64.whl", hash = "sha256:51bd64741cc6fa065abd300ede1afe5a5291ece9c31da8b24884deda48bcc3f8", size = 264447, upload-time = "2026-05-26T20:41:17.369Z" },
    { url = "https://files.pythonhosted.org/packages/fb/71/59513f8710ed3e6b0ac0a050a5b7e977bb9c9e880354863b5d00d8809256/coverage-7.14.1-cp314-cp314t-musllinux_1_2_i686.whl", hash = "sha256:9132cd363a68a4c3daa7c8704a654b1e39d3360f6f5b8ddd470608a945236c07", size = 262048, upload-time = "2026-05-26T20:41:19.309Z" },
    { url = "https://files.pythonhosted.org/packages/84/8d/bceed32dc494f5bbf50f775cd2e78ca814953942b5ea28d3c1c3ac316f14/coverage-7.14.1-cp314-cp314t-musllinux_1_2_ppc64le.whl", hash = "sha256:07c6290b1697b862c0478eab545eec949a0d0e4d6d03497f446d706da3b4f2de", size = 265781, upload-time = "2026-05-26T20:41:21.559Z" },
    { url = "https://files.pythonhosted.org/packages/e7/c5/9348fe40dbfd4991aaf78df2c6c3098bfb2cc834d1fd362a64b4efef855a/coverage-7.14.1-cp314-cp314t-musllinux_1_2_riscv64.whl", hash = "sha256:5ea0c297e27133853b4d8a3eb799bff5a2dbd9f2f41537a240d337ac9b4df890", size = 260896, upload-time = "2026-05-26T20:41:23.428Z" },
    { url = "https://files.pythonhosted.org/packages/ca/92/1ea0f03929da7cf87206b1fa24f4c8e9c158be0455481af29ec0a1f3503f/coverage-7.14.1-cp314-cp314t-musllinux_1_2_x86_64.whl", hash = "sha256:01b7733daad0237daa01ef80fe2dfceffc911e6a17fa7b55d14aa8214eaaaecd", size = 263214, upload-time = "2026-05-26T20:41:25.419Z" },
    { url = "https://files.pythonhosted.org/packages/f6/a9/b2493c054c0e01a643266742ab45e15744e60743f9260cd930c7142b1124/coverage-7.14.1-cp314-cp314t-win32.whl", hash = "sha256:6adc5a36984624a70bf11d7184e20fa0a49aa7c47ffab43804106a1a695ea22e", size = 223624, upload-time = "2026-05-26T20:41:27.795Z" },
    { url = "https://files.pythonhosted.org/packages/fc/bd/3e1e6a57fccd2d7c83fcdf338e93ba98eb85c6e877dd34731ac585375490/coverage-7.14.1-cp314-cp314t-win_amd64.whl", hash = "sha256:ddf799247318f34dbcd2efa8c95a8d0642674e926bb1774cf9b63dfd2a389d1c", size = 224728, upload-time = "2026-05-26T20:41:30.098Z" },
    { url = "https://files.pythonhosted.org/packages/bb/d7/31066cf1d2f0c6c797fce911bcfa01dd35642dc6da992a950256097c5860/coverage-7.14.1-cp314-cp314t-win_arm64.whl", hash = "sha256:145986fe66647eb489f18d9a997567a3fd358584c4b5a808769113abc07466af", size = 222752, upload-time = "2026-05-26T20:41:32.123Z" },
    { url = "https://files.pythonhosted.org/packages/8a/3c/1a983b9a745d7f83d53f057bcc5bf79ba6a2bbc08266b3f0c7d6fe630c9b/coverage-7.14.1-py3-none-any.whl", hash = "sha256:a252f21c27e38347e60111a3266b03827422a7d5525951aceee313aa68bab1d2", size = 211815, upload-time = "2026-05-26T20:41:34.078Z" },
]

[[package]]
name = "energy-calculator"
version = "0.1.0"
source = { editable = "." }
dependencies = [
    { name = "jsonschema" },
    { name = "tabulate" },
    { name = "types-jsonschema" },
    { name = "types-tabulate" },
    { name = "typing-extensions" },
]

[package.dev-dependencies]
dev = [
    { name = "coverage" },
    { name = "prek" },
    { name = "pytest" },
    { name = "pytest-cov" },
    { name = "ruff" },
    { name = "ty" },
]

[package.metadata]
requires-dist = [
    { name = "jsonschema", specifier = ">=4.26.0" },
    { name = "tabulate", specifier = ">=0.9.0" },
    { name = "types-jsonschema", specifier = ">=4.26.0.20260202" },
    { name = "types-tabulate", specifier = ">=0.9.0.20241207" },
    { name = "typing-extensions", specifier = ">=4.16.0" },
]

[package.metadata.requires-dev]
dev = [
    { name = "coverage", specifier = ">=7.14.1" },
    { name = "prek", specifier = ">=0.3.8" },
    { name = "pytest", specifier = ">=9.0.3" },
    { name = "pytest-cov", specifier = ">=7.1.0" },
    { name = "ruff", specifier = ">=0.14.10" },
    { name = "ty", specifier = ">=0.0.35" },
]

[[package]]
name = "iniconfig"
version = "2.3.0"
source = { registry = "https://pypi.org/simple" }
sdist = { url = "https://files.pythonhosted.org/packages/72/34/14ca021ce8e5dfedc35312d08ba8bf51fdd999c576889fc2c24cb97f4f10/iniconfig-2.3.0.tar.gz", hash = "sha256:c76315c77db068650d49c5b56314774a7804df16fee4402c1f19d6d15d8c4730", size = 20503, upload-time = "2025-10-18T21:55:43.219Z" }
wheels = [
    { url = "https://files.pythonhosted.org/packages/cb/b1/3846dd7f199d53cb17f49cba7e651e9ce294d8497c8c150530ed11865bb8/iniconfig-2.3.0-py3-none-any.whl", hash = "sha256:f631c04d2c48c52b84d0d0549c99ff3859c98df65b3101406327ecc7d53fbf12", size = 7484, upload-time = "2025-10-18T21:55:41.639Z" },
]

[[package]]
name = "jsonschema"
version = "4.26.0"
source = { registry = "https://pypi.org/simple" }
dependencies = [
    { name = "attrs" },
    { name = "jsonschema-specifications" },
    { name = "referencing" },
    { name = "rpds-py" },
]
sdist = { url = "https://files.pythonhosted.org/packages/b3/fc/e067678238fa451312d4c62bf6e6cf5ec56375422aee02f9cb5f909b3047/jsonschema-4.26.0.tar.gz", hash = "sha256:0c26707e2efad8aa1bfc5b7ce170f3fccc2e4918ff85989ba9ffa9facb2be326", size = 366583, upload-time = "2026-01-07T13:41:07.246Z" }
wheels = [
    { url = "https://files.pythonhosted.org/packages/69/90/f63fb5873511e014207a475e2bb4e8b2e570d655b00ac19a9a0ca0a385ee/jsonschema-4.26.0-py3-none-any.whl", hash = "sha256:d489f15263b8d200f8387e64b4c3a75f06629559fb73deb8fdfb525f2dab50ce", size = 90630, upload-time = "2026-01-07T13:41:05.306Z" },
]

[[package]]
name = "jsonschema-specifications"
version = "2025.9.1"
source = { registry = "https://pypi.org/simple" }
dependencies = [
    { name = "referencing" },
]
sdist = { url = "https://files.pythonhosted.org/packages/19/74/a633ee74eb36c44aa6d1095e7cc5569bebf04342ee146178e2d36600708b/jsonschema_specifications-2025.9.1.tar.gz", hash = "sha256:b540987f239e745613c7a9176f3edb72b832a4ac465cf02712288397832b5e8d", size = 32855, upload-time = "2025-09-08T01:34:59.186Z" }
wheels = [
    { url = "https://files.pythonhosted.org/packages/41/45/1a4ed80516f02155c51f51e8cedb3c1902296743db0bbc66608a0db2814f/jsonschema_specifications-2025.9.1-py3-none-any.whl", hash = "sha256:98802fee3a11ee76ecaca44429fda8a41bff98b00a0f2838151b113f210cc6fe", size = 18437, upload-time = "2025-09-08T01:34:57.871Z" },
]

[[package]]
name = "packaging"
version = "26.2"
source = { registry = "https://pypi.org/simple" }
sdist = { url = "https://files.pythonhosted.org/packages/d7/f1/e7a6dd94a8d4a5626c03e4e99c87f241ba9e350cd9e6d75123f992427270/packaging-26.2.tar.gz", hash = "sha256:ff452ff5a3e828ce110190feff1178bb1f2ea2281fa2075aadb987c2fb221661", size = 228134, upload-time = "2026-04-24T20:15:23.917Z" }
wheels = [
    { url = "https://files.pythonhosted.org/packages/df/b2/87e62e8c3e2f4b32e5fe99e0b86d576da1312593b39f47d8ceef365e95ed/packaging-26.2-py3-none-any.whl", hash = "sha256:5fc45236b9446107ff2415ce77c807cee2862cb6fac22b8a73826d0693b0980e", size = 100195, upload-time = "2026-04-24T20:15:22.081Z" },
]

[[package]]
name = "pluggy"
version = "1.6.0"
source = { registry = "https://pypi.org/simple" }
sdist = { url = "https://files.pythonhosted.org/packages/f9/e2/3e91f31a7d2b083fe6ef3fa267035b518369d9511ffab804f839851d2779/pluggy-1.6.0.tar.gz", hash = "sha256:7dcc130b76258d33b90f61b658791dede3486c3e6bfb003ee5c9bfb396dd22f3", size = 69412, upload-time = "2025-05-15T12:30:07.975Z" }
wheels = [
    { url = "https://files.pythonhosted.org/packages/54/20/4d324d65cc6d9205fabedc306948156824eb9f0ee1633355a8f7ec5c66bf/pluggy-1.6.0-py3-none-any.whl", hash = "sha256:e920276dd6813095e9377c0bc5566d94c932c33b27a3e3945d8389c374dd4746", size = 20538, upload-time = "2025-05-15T12:30:06.134Z" },
]

[[package]]
name = "prek"
version = "0.3.8"
source = { registry = "https://pypi.org/simple" }
sdist = { url = "https://files.pythonhosted.org/packages/62/ee/03e8180e3fda9de25b6480bd15cc2bde40d573868d50648b0e527b35562f/prek-0.3.8.tar.gz", hash = "sha256:434a214256516f187a3ab15f869d950243be66b94ad47987ee4281b69643a2d9", size = 400224, upload-time = "2026-03-23T08:23:35.981Z" }
wheels = [
    { url = "https://files.pythonhosted.org/packages/00/84/40d2ddf362d12c4cd4a25a8c89a862edf87cdfbf1422aa41aac8e315d409/prek-0.3.8-py3-none-linux_armv6l.whl", hash = "sha256:6fb646ada60658fa6dd7771b2e0fb097f005151be222f869dada3eb26d79ed33", size = 5226646, upload-time = "2026-03-23T08:23:18.306Z" },
    { url = "https://files.pythonhosted.org/packages/e1/52/7308a033fa43b7e8e188797bd2b3b017c0f0adda70fa7af575b1f43ea888/prek-0.3.8-py3-none-macosx_10_12_x86_64.whl", hash = "sha256:f3d7fdadb15efc19c09953c7a33cf2061a70f367d1e1957358d3ad5cc49d0616", size = 5620104, upload-time = "2026-03-23T08:23:40.053Z" },
    { url = "https://files.pythonhosted.org/packages/ff/b1/f106ac000a91511a9cd80169868daf2f5b693480ef5232cec5517a38a512/prek-0.3.8-py3-none-macosx_11_0_arm64.whl", hash = "sha256:72728c3295e79ca443f8c1ec037d2a5b914ec73a358f69cf1bc1964511876bf8", size = 5199867, upload-time = "2026-03-23T08:23:38.066Z" },
    { url = "https://files.pythonhosted.org/packages/b3/e9/970713f4b019f69de9844e1bab37b8ddb67558e410916f4eb5869a696165/prek-0.3.8-py3-none-manylinux_2_17_aarch64.manylinux2014_aarch64.musllinux_1_1_aarch64.whl", hash = "sha256:48efc28f2f53b5b8087efca9daaed91572d62df97d5f24a1c7a087fecb5017de", size = 5441801, upload-time = "2026-03-23T08:23:32.617Z" },
    { url = "https://files.pythonhosted.org/packages/12/a4/7ef44032b181753e19452ec3b09abb3a32607cf6b0a0508f0604becaaf2b/prek-0.3.8-py3-none-manylinux_2_17_armv7l.manylinux2014_armv7l.whl", hash = "sha256:f6ca9d63bacbc448a5c18e955c78d3ac5176c3a17c3baacdd949b1a623e08a36", size = 5155107, upload-time = "2026-03-23T08:23:31.021Z" },
    { url = "https://files.pythonhosted.org/packages/bd/77/4d9c8985dbba84149760785dfe07093ea1e29d710257dfb7c89615e2234c/prek-0.3.8-py3-none-manylinux_2_17_i686.manylinux2014_i686.whl", hash = "sha256:1000f7029696b4fe712fb1fefd4c55b9c4de72b65509c8e50296370a06f9dc3f", size = 5566541, upload-time = "2026-03-23T08:23:45.694Z" },
    { url = "https://files.pythonhosted.org/packages/1a/1a/81e6769ac1f7f8346d09ce2ab0b47cf06466acd9ff72e87e5d1f0d98cd32/prek-0.3.8-py3-none-manylinux_2_17_s390x.manylinux2014_s390x.whl", hash = "sha256:6ff0bed0e2c1286522987d982168a86cbbd0d069d840506a46c9fda983515517", size = 6552991, upload-time = "2026-03-23T08:23:21.958Z" },
    { url = "https://files.pythonhosted.org/packages/6f/fa/ce2df0dd2dc75a9437a52463239d0782998943d7b04e191fb89b83016c34/prek-0.3.8-py3-none-manylinux_2_17_x86_64.manylinux2014_x86_64.whl", hash = "sha256:4fb087ac0ffda3ac65bbbae9a38326a7fd27ee007bb4a94323ce1eb539d8bbec", size = 5832972, upload-time = "2026-03-23T08:23:20.258Z" },
    { url = "https://files.pythonhosted.org/packages/18/6b/9d4269df9073216d296244595a21c253b6475dfc9076c0bd2906be7a436c/prek-0.3.8-py3-none-manylinux_2_28_aarch64.whl", hash = "sha256:2e1e5e206ff7b31bd079cce525daddc96cd6bc544d20dc128921ad92f7a4c85d", size = 5448371, upload-time = "2026-03-23T08:23:41.835Z" },
    { url = "https://files.pythonhosted.org/packages/60/1d/1e4d8a78abefa5b9d086e5a9f1638a74b5e540eec8a648d9946707701f29/prek-0.3.8-py3-none-manylinux_2_31_riscv64.whl", hash = "sha256:dcea3fe23832a4481bccb7c45f55650cb233be7c805602e788bb7dba60f2d861", size = 5270546, upload-time = "2026-03-23T08:23:24.231Z" },
    { url = "https://files.pythonhosted.org/packages/77/07/34f36551a6319ae36e272bea63a42f59d41d2d47ab0d5fb00eb7b4e88e87/prek-0.3.8-py3-none-musllinux_1_1_armv7l.whl", hash = "sha256:4d25e647e9682f6818ab5c31e7a4b842993c14782a6ffcd128d22b784e0d677f", size = 5124032, upload-time = "2026-03-23T08:23:26.368Z" },
    { url = "https://files.pythonhosted.org/packages/e3/01/6d544009bb655e709993411796af77339f439526db4f3b3509c583ad8eb9/prek-0.3.8-py3-none-musllinux_1_1_i686.whl", hash = "sha256:de528b82935e33074815acff3c7c86026754d1212136295bc88fe9c43b4231d5", size = 5432245, upload-time = "2026-03-23T08:23:47.877Z" },
    { url = "https://files.pythonhosted.org/packages/54/96/1237ee269e9bfa283ffadbcba1f401f48a47aed2b2563eb1002740d6079d/prek-0.3.8-py3-none-musllinux_1_1_x86_64.whl", hash = "sha256:6d660f1c25a126e6d9f682fe61449441226514f412a4469f5d71f8f8cad56db2", size = 5950550, upload-time = "2026-03-23T08:23:43.8Z" },
    { url = "https://files.pythonhosted.org/packages/ca/6b/a574411459049bc691047c9912f375deda10c44a707b6ce98df2b658f0b3/prek-0.3.8-py3-none-win32.whl", hash = "sha256:b0c291c577615d9f8450421dff0b32bfd77a6b0d223ee4115a1f820cb636fdf1", size = 4949501, upload-time = "2026-03-23T08:23:16.338Z" },
    { url = "https://files.pythonhosted.org/packages/0c/b4/46b59fe49f635acd9f6530778ce577f9d8b49452835726a5311ffc902c67/prek-0.3.8-py3-none-win_amd64.whl", hash = "sha256:bc147fdbdd4ec33fc7a987b893ecb69b1413ac100d95c9889a70f3fd58c73d06", size = 5346551, upload-time = "2026-03-23T08:23:34.501Z" },
    { url = "https://files.pythonhosted.org/packages/53/05/9cca1708bb8c65264124eb4b04251e0f65ce5bfc707080bb6b492d5a0df7/prek-0.3.8-py3-none-win_arm64.whl", hash = "sha256:a2614647aeafa817a5802ccb9561e92eedc20dcf840639a1b00826e2c2442515", size = 5190872, upload-time = "2026-03-23T08:23:29.463Z" },
]

[[package]]
name = "pygments"
version = "2.20.0"
source = { registry = "https://pypi.org/simple" }
sdist = { url = "https://files.pythonhosted.org/packages/c3/b2/bc9c9196916376152d655522fdcebac55e66de6603a76a02bca1b6414f6c/pygments-2.20.0.tar.gz", hash = "sha256:6757cd03768053ff99f3039c1a36d6c0aa0b263438fcab17520b30a303a82b5f", size = 4955991, upload-time = "2026-03-29T13:29:33.898Z" }
wheels = [
    { url = "https://files.pythonhosted.org/packages/f4/7e/a72dd26f3b0f4f2bf1dd8923c85f7ceb43172af56d63c7383eb62b332364/pygments-2.20.0-py3-none-any.whl", hash = "sha256:81a9e26dd42fd28a23a2d169d86d7ac03b46e2f8b59ed4698fb4785f946d0176", size = 1231151, upload-time = "2026-03-29T13:29:30.038Z" },
]

[[package]]
name = "pytest"
version = "9.0.3"
source = { registry = "https://pypi.org/simple" }
dependencies = [
    { name = "colorama", marker = "sys_platform == 'win32'" },
    { name = "iniconfig" },
    { name = "packaging" },
    { name = "pluggy" },
    { name = "pygments" },
]
sdist = { url = "https://files.pythonhosted.org/packages/7d/0d/549bd94f1a0a402dc8cf64563a117c0f3765662e2e668477624baeec44d5/pytest-9.0.3.tar.gz", hash = "sha256:b86ada508af81d19edeb213c681b1d48246c1a91d304c6c81a427674c17eb91c", size = 1572165, upload-time = "2026-04-07T17:16:18.027Z" }
wheels = [
    { url = "https://files.pythonhosted.org/packages/d4/24/a372aaf5c9b7208e7112038812994107bc65a84cd00e0354a88c2c77a617/pytest-9.0.3-py3-none-any.whl", hash = "sha256:2c5efc453d45394fdd706ade797c0a81091eccd1d6e4bccfcd476e2b8e0ab5d9", size = 375249, upload-time = "2026-04-07T17:16:16.13Z" },
]

[[package]]
name = "pytest-cov"
version = "7.1.0"
source = { registry = "https://pypi.org/simple" }
dependencies = [
    { name = "coverage" },
    { name = "pluggy" },
    { name = "pytest" },
]
sdist = { url = "https://files.pythonhosted.org/packages/b1/51/a849f96e117386044471c8ec2bd6cfebacda285da9525c9106aeb28da671/pytest_cov-7.1.0.tar.gz", hash = "sha256:30674f2b5f6351aa09702a9c8c364f6a01c27aae0c1366ae8016160d1efc56b2", size = 55592, upload-time = "2026-03-21T20:11:16.284Z" }
wheels = [
    { url = "https://files.pythonhosted.org/packages/9d/7a/d968e294073affff457b041c2be9868a40c1c71f4a35fcc1e45e5493067b/pytest_cov-7.1.0-py3-none-any.whl", hash = "sha256:a0461110b7865f9a271aa1b51e516c9a95de9d696734a2f71e3e78f46e1d4678", size = 22876, upload-time = "2026-03-21T20:11:14.438Z" },
]

[[package]]
name = "referencing"
version = "0.37.0"
source = { registry = "https://pypi.org/simple" }
dependencies = [
    { name = "attrs" },
    { name = "rpds-py" },
]
sdist = { url = "https://files.pythonhosted.org/packages/22/f5/df4e9027acead3ecc63e50fe1e36aca1523e1719559c499951bb4b53188f/referencing-0.37.0.tar.gz", hash = "sha256:44aefc3142c5b842538163acb373e24cce6632bd54bdb01b21ad5863489f50d8", size = 78036, upload-time = "2025-10-13T15:30:48.871Z" }
wheels = [
    { url = "https://files.pythonhosted.org/packages/2c/58/ca301544e1fa93ed4f80d724bf5b194f6e4b945841c5bfd555878eea9fcb/referencing-0.37.0-py3-none-any.whl", hash = "sha256:381329a9f99628c9069361716891d34ad94af76e461dcb0335825aecc7692231", size = 26766, upload-time = "2025-10-13T15:30:47.625Z" },
]

[[package]]
name = "rpds-py"
version = "0.30.0"
source = { registry = "https://pypi.org/simple" }
sdist = { url = "https://files.pythonhosted.org/packages/20/af/3f2f423103f1113b36230496629986e0ef7e199d2aa8392452b484b38ced/rpds_py-0.30.0.tar.gz", hash = "sha256:dd8ff7cf90014af0c0f787eea34794ebf6415242ee1d6fa91eaba725cc441e84", size = 69469, upload-time = "2025-11-30T20:24:38.837Z" }
wheels = [
    { url = "https://files.pythonhosted.org/packages/86/81/dad16382ebbd3d0e0328776d8fd7ca94220e4fa0798d1dc5e7da48cb3201/rpds_py-0.30.0-cp314-cp314-macosx_10_12_x86_64.whl", hash = "sha256:68f19c879420aa08f61203801423f6cd5ac5f0ac4ac82a2368a9fcd6a9a075e0", size = 362099, upload-time = "2025-11-30T20:23:27.316Z" },
    { url = "https://files.pythonhosted.org/packages/2b/60/19f7884db5d5603edf3c6bce35408f45ad3e97e10007df0e17dd57af18f8/rpds_py-0.30.0-cp314-cp314-macosx_11_0_arm64.whl", hash = "sha256:ec7c4490c672c1a0389d319b3a9cfcd098dcdc4783991553c332a15acf7249be", size = 353192, upload-time = "2025-11-30T20:23:29.151Z" },
    { url = "https://files.pythonhosted.org/packages/bf/c4/76eb0e1e72d1a9c4703c69607cec123c29028bff28ce41588792417098ac/rpds_py-0.30.0-cp314-cp314-manylinux_2_17_aarch64.manylinux2014_aarch64.whl", hash = "sha256:f251c812357a3fed308d684a5079ddfb9d933860fc6de89f2b7ab00da481e65f", size = 384080, upload-time = "2025-11-30T20:23:30.785Z" },
    { url = "https://files.pythonhosted.org/packages/72/87/87ea665e92f3298d1b26d78814721dc39ed8d2c74b86e83348d6b48a6f31/rpds_py-0.30.0-cp314-cp314-manylinux_2_17_armv7l.manylinux2014_armv7l.whl", hash = "sha256:ac98b175585ecf4c0348fd7b29c3864bda53b805c773cbf7bfdaffc8070c976f", size = 394841, upload-time = "2025-11-30T20:23:32.209Z" },
    { url = "https://files.pythonhosted.org/packages/77/ad/7783a89ca0587c15dcbf139b4a8364a872a25f861bdb88ed99f9b0dec985/rpds_py-0.30.0-cp314-cp314-manylinux_2_17_ppc64le.manylinux2014_ppc64le.whl", hash = "sha256:3e62880792319dbeb7eb866547f2e35973289e7d5696c6e295476448f5b63c87", size = 516670, upload-time = "2025-11-30T20:23:33.742Z" },
    { url = "https://files.pythonhosted.org/packages/5b/3c/2882bdac942bd2172f3da574eab16f309ae10a3925644e969536553cb4ee/rpds_py-0.30.0-cp314-cp314-manylinux_2_17_s390x.manylinux2014_s390x.whl", hash = "sha256:4e7fc54e0900ab35d041b0601431b0a0eb495f0851a0639b6ef90f7741b39a18", size = 408005, upload-time = "2025-11-30T20:23:35.253Z" },
    { url = "https://files.pythonhosted.org/packages/ce/81/9a91c0111ce1758c92516a3e44776920b579d9a7c09b2b06b642d4de3f0f/rpds_py-0.30.0-cp314-cp314-manylinux_2_17_x86_64.manylinux2014_x86_64.whl", hash = "sha256:47e77dc9822d3ad616c3d5759ea5631a75e5809d5a28707744ef79d7a1bcfcad", size = 382112, upload-time = "2025-11-30T20:23:36.842Z" },
    { url = "https://files.pythonhosted.org/packages/cf/8e/1da49d4a107027e5fbc64daeab96a0706361a2918da10cb41769244b805d/rpds_py-0.30.0-cp314-cp314-manylinux_2_31_riscv64.whl", hash = "sha256:b4dc1a6ff022ff85ecafef7979a2c6eb423430e05f1165d6688234e62ba99a07", size = 399049, upload-time = "2025-11-30T20:23:38.343Z" },
    { url = "https://files.pythonhosted.org/packages/df/5a/7ee239b1aa48a127570ec03becbb29c9d5a9eb092febbd1699d567cae859/rpds_py-0.30.0-cp314-cp314-manylinux_2_5_i686.manylinux1_i686.whl", hash = "sha256:4559c972db3a360808309e06a74628b95eaccbf961c335c8fe0d590cf587456f", size = 415661, upload-time = "2025-11-30T20:23:40.263Z" },
    { url = "https://files.pythonhosted.org/packages/70/ea/caa143cf6b772f823bc7929a45da1fa83569ee49b11d18d0ada7f5ee6fd6/rpds_py-0.30.0-cp314-cp314-musllinux_1_2_aarch64.whl", hash = "sha256:0ed177ed9bded28f8deb6ab40c183cd1192aa0de40c12f38be4d59cd33cb5c65", size = 565606, upload-time = "2025-11-30T20:23:42.186Z" },
    { url = "https://files.pythonhosted.org/packages/64/91/ac20ba2d69303f961ad8cf55bf7dbdb4763f627291ba3d0d7d67333cced9/rpds_py-0.30.0-cp314-cp314-musllinux_1_2_i686.whl", hash = "sha256:ad1fa8db769b76ea911cb4e10f049d80bf518c104f15b3edb2371cc65375c46f", size = 591126, upload-time = "2025-11-30T20:23:44.086Z" },
    { url = "https://files.pythonhosted.org/packages/21/20/7ff5f3c8b00c8a95f75985128c26ba44503fb35b8e0259d812766ea966c7/rpds_py-0.30.0-cp314-cp314-musllinux_1_2_x86_64.whl", hash = "sha256:46e83c697b1f1c72b50e5ee5adb4353eef7406fb3f2043d64c33f20ad1c2fc53", size = 553371, upload-time = "2025-11-30T20:23:46.004Z" },
    { url = "https://files.pythonhosted.org/packages/72/c7/81dadd7b27c8ee391c132a6b192111ca58d866577ce2d9b0ca157552cce0/rpds_py-0.30.0-cp314-cp314-win32.whl", hash = "sha256:ee454b2a007d57363c2dfd5b6ca4a5d7e2c518938f8ed3b706e37e5d470801ed", size = 215298, upload-time = "2025-11-30T20:23:47.696Z" },
    { url = "https://files.pythonhosted.org/packages/3e/d2/1aaac33287e8cfb07aab2e6b8ac1deca62f6f65411344f1433c55e6f3eb8/rpds_py-0.30.0-cp314-cp314-win_amd64.whl", hash = "sha256:95f0802447ac2d10bcc69f6dc28fe95fdf17940367b21d34e34c737870758950", size = 228604, upload-time = "2025-11-30T20:23:49.501Z" },
    { url = "https://files.pythonhosted.org/packages/e8/95/ab005315818cc519ad074cb7784dae60d939163108bd2b394e60dc7b5461/rpds_py-0.30.0-cp314-cp314-win_arm64.whl", hash = "sha256:613aa4771c99f03346e54c3f038e4cc574ac09a3ddfb0e8878487335e96dead6", size = 222391, upload-time = "2025-11-30T20:23:50.96Z" },
    { url = "https://files.pythonhosted.org/packages/9e/68/154fe0194d83b973cdedcdcc88947a2752411165930182ae41d983dcefa6/rpds_py-0.30.0-cp314-cp314t-macosx_10_12_x86_64.whl", hash = "sha256:7e6ecfcb62edfd632e56983964e6884851786443739dbfe3582947e87274f7cb", size = 364868, upload-time = "2025-11-30T20:23:52.494Z" },
    { url = "https://files.pythonhosted.org/packages/83/69/8bbc8b07ec854d92a8b75668c24d2abcb1719ebf890f5604c61c9369a16f/rpds_py-0.30.0-cp314-cp314t-macosx_11_0_arm64.whl", hash = "sha256:a1d0bc22a7cdc173fedebb73ef81e07faef93692b8c1ad3733b67e31e1b6e1b8", size = 353747, upload-time = "2025-11-30T20:23:54.036Z" },
    { url = "https://files.pythonhosted.org/packages/ab/00/ba2e50183dbd9abcce9497fa5149c62b4ff3e22d338a30d690f9af970561/rpds_py-0.30.0-cp314-cp314t-manylinux_2_17_aarch64.manylinux2014_aarch64.whl", hash = "sha256:0d08f00679177226c4cb8c5265012eea897c8ca3b93f429e546600c971bcbae7", size = 383795, upload-time = "2025-11-30T20:23:55.556Z" },
    { url = "https://files.pythonhosted.org/packages/05/6f/86f0272b84926bcb0e4c972262f54223e8ecc556b3224d281e6598fc9268/rpds_py-0.30.0-cp314-cp314t-manylinux_2_17_armv7l.manylinux2014_armv7l.whl", hash = "sha256:5965af57d5848192c13534f90f9dd16464f3c37aaf166cc1da1cae1fd5a34898", size = 393330, upload-time = "2025-11-30T20:23:57.033Z" },
    { url = "https://files.pythonhosted.org/packages/cb/e9/0e02bb2e6dc63d212641da45df2b0bf29699d01715913e0d0f017ee29438/rpds_py-0.30.0-cp314-cp314t-manylinux_2_17_ppc64le.manylinux2014_ppc64le.whl", hash = "sha256:9a4e86e34e9ab6b667c27f3211ca48f73dba7cd3d90f8d5b11be56e5dbc3fb4e", size = 518194, upload-time = "2025-11-30T20:23:58.637Z" },
    { url = "https://files.pythonhosted.org/packages/ee/ca/be7bca14cf21513bdf9c0606aba17d1f389ea2b6987035eb4f62bd923f25/rpds_py-0.30.0-cp314-cp314t-manylinux_2_17_s390x.manylinux2014_s390x.whl", hash = "sha256:e5d3e6b26f2c785d65cc25ef1e5267ccbe1b069c5c21b8cc724efee290554419", size = 408340, upload-time = "2025-11-30T20:24:00.2Z" },
    { url = "https://files.pythonhosted.org/packages/c2/c7/736e00ebf39ed81d75544c0da6ef7b0998f8201b369acf842f9a90dc8fce/rpds_py-0.30.0-cp314-cp314t-manylinux_2_17_x86_64.manylinux2014_x86_64.whl", hash = "sha256:626a7433c34566535b6e56a1b39a7b17ba961e97ce3b80ec62e6f1312c025551", size = 383765, upload-time = "2025-11-30T20:24:01.759Z" },
    { url = "https://files.pythonhosted.org/packages/4a/3f/da50dfde9956aaf365c4adc9533b100008ed31aea635f2b8d7b627e25b49/rpds_py-0.30.0-cp314-cp314t-manylinux_2_31_riscv64.whl", hash = "sha256:acd7eb3f4471577b9b5a41baf02a978e8bdeb08b4b355273994f8b87032000a8", size = 396834, upload-time = "2025-11-30T20:24:03.687Z" },
    { url = "https://files.pythonhosted.org/packages/4e/00/34bcc2565b6020eab2623349efbdec810676ad571995911f1abdae62a3a0/rpds_py-0.30.0-cp314-cp314t-manylinux_2_5_i686.manylinux1_i686.whl", hash = "sha256:fe5fa731a1fa8a0a56b0977413f8cacac1768dad38d16b3a296712709476fbd5", size = 415470, upload-time = "2025-11-30T20:24:05.232Z" },
    { url = "https://files.pythonhosted.org/packages/8c/28/882e72b5b3e6f718d5453bd4d0d9cf8df36fddeb4ddbbab17869d5868616/rpds_py-0.30.0-cp314-cp314t-musllinux_1_2_aarch64.whl", hash = "sha256:74a3243a411126362712ee1524dfc90c650a503502f135d54d1b352bd01f2404", size = 565630, upload-time = "2025-11-30T20:24:06.878Z" },
    { url = "https://files.pythonhosted.org/packages/3b/97/04a65539c17692de5b85c6e293520fd01317fd878ea1995f0367d4532fb1/rpds_py-0.30.0-cp314-cp314t-musllinux_1_2_i686.whl", hash = "sha256:3e8eeb0544f2eb0d2581774be4c3410356eba189529a6b3e36bbbf9696175856", size = 591148, upload-time = "2025-11-30T20:24:08.445Z" },
    { url = "https://files.pythonhosted.org/packages/85/70/92482ccffb96f5441aab93e26c4d66489eb599efdcf96fad90c14bbfb976/rpds_py-0.30.0-cp314-cp314t-musllinux_1_2_x86_64.whl", hash = "sha256:dbd936cde57abfee19ab3213cf9c26be06d60750e60a8e4dd85d1ab12c8b1f40", size = 556030, upload-time = "2025-11-30T20:24:10.956Z" },
    { url = "https://files.pythonhosted.org/packages/20/53/7c7e784abfa500a2b6b583b147ee4bb5a2b3747a9166bab52fec4b5b5e7d/rpds_py-0.30.0-cp314-cp314t-win32.whl", hash = "sha256:dc824125c72246d924f7f796b4f63c1e9dc810c7d9e2355864b3c3a73d59ade0", size = 211570, upload-time = "2025-11-30T20:24:12.735Z" },
    { url = "https://files.pythonhosted.org/packages/d0/02/fa464cdfbe6b26e0600b62c528b72d8608f5cc49f96b8d6e38c95d60c676/rpds_py-0.30.0-cp314-cp314t-win_amd64.whl", hash = "sha256:27f4b0e92de5bfbc6f86e43959e6edd1425c33b5e69aab0984a72047f2bcf1e3", size = 226532, upload-time = "2025-11-30T20:24:14.634Z" },
]

[[package]]
name = "ruff"
version = "0.14.10"
source = { registry = "https://pypi.org/simple" }
sdist = { url = "https://files.pythonhosted.org/packages/57/08/52232a877978dd8f9cf2aeddce3e611b40a63287dfca29b6b8da791f5e8d/ruff-0.14.10.tar.gz", hash = "sha256:9a2e830f075d1a42cd28420d7809ace390832a490ed0966fe373ba288e77aaf4", size = 5859763, upload-time = "2025-12-18T19:28:57.98Z" }
wheels = [
    { url = "https://files.pythonhosted.org/packages/60/01/933704d69f3f05ee16ef11406b78881733c186fe14b6a46b05cfcaf6d3b2/ruff-0.14.10-py3-none-linux_armv6l.whl", hash = "sha256:7a3ce585f2ade3e1f29ec1b92df13e3da262178df8c8bdf876f48fa0e8316c49", size = 13527080, upload-time = "2025-12-18T19:29:25.642Z" },
    { url = "https://files.pythonhosted.org/packages/df/58/a0349197a7dfa603ffb7f5b0470391efa79ddc327c1e29c4851e85b09cc5/ruff-0.14.10-py3-none-macosx_10_12_x86_64.whl", hash = "sha256:674f9be9372907f7257c51f1d4fc902cb7cf014b9980152b802794317941f08f", size = 13797320, upload-time = "2025-12-18T19:29:02.571Z" },
    { url = "https://files.pythonhosted.org/packages/7b/82/36be59f00a6082e38c23536df4e71cdbc6af8d7c707eade97fcad5c98235/ruff-0.14.10-py3-none-macosx_11_0_arm64.whl", hash = "sha256:d85713d522348837ef9df8efca33ccb8bd6fcfc86a2cde3ccb4bc9d28a18003d", size = 12918434, upload-time = "2025-12-18T19:28:51.202Z" },
    { url = "https://files.pythonhosted.org/packages/a6/00/45c62a7f7e34da92a25804f813ebe05c88aa9e0c25e5cb5a7d23dd7450e3/ruff-0.14.10-py3-none-manylinux_2_17_aarch64.manylinux2014_aarch64.whl", hash = "sha256:6987ebe0501ae4f4308d7d24e2d0fe3d7a98430f5adfd0f1fead050a740a3a77", size = 13371961, upload-time = "2025-12-18T19:29:04.991Z" },
    { url = "https://files.pythonhosted.org/packages/40/31/a5906d60f0405f7e57045a70f2d57084a93ca7425f22e1d66904769d1628/ruff-0.14.10-py3-none-manylinux_2_17_armv7l.manylinux2014_armv7l.whl", hash = "sha256:16a01dfb7b9e4eee556fbfd5392806b1b8550c9b4a9f6acd3dbe6812b193c70a", size = 13275629, upload-time = "2025-12-18T19:29:21.381Z" },
    { url = "https://files.pythonhosted.org/packages/3e/60/61c0087df21894cf9d928dc04bcd4fb10e8b2e8dca7b1a276ba2155b2002/ruff-0.14.10-py3-none-manylinux_2_17_i686.manylinux2014_i686.whl", hash = "sha256:7165d31a925b7a294465fa81be8c12a0e9b60fb02bf177e79067c867e71f8b1f", size = 14029234, upload-time = "2025-12-18T19:29:00.132Z" },
    { url = "https://files.pythonhosted.org/packages/44/84/77d911bee3b92348b6e5dab5a0c898d87084ea03ac5dc708f46d88407def/ruff-0.14.10-py3-none-manylinux_2_17_ppc64.manylinux2014_ppc64.whl", hash = "sha256:c561695675b972effb0c0a45db233f2c816ff3da8dcfbe7dfc7eed625f218935", size = 15449890, upload-time = "2025-12-18T19:28:53.573Z" },
    { url = "https://files.pythonhosted.org/packages/e9/36/480206eaefa24a7ec321582dda580443a8f0671fdbf6b1c80e9c3e93a16a/ruff-0.14.10-py3-none-manylinux_2_17_ppc64le.manylinux2014_ppc64le.whl", hash = "sha256:4bb98fcbbc61725968893682fd4df8966a34611239c9fd07a1f6a07e7103d08e", size = 15123172, upload-time = "2025-12-18T19:29:23.453Z" },
    { url = "https://files.pythonhosted.org/packages/5c/38/68e414156015ba80cef5473d57919d27dfb62ec804b96180bafdeaf0e090/ruff-0.14.10-py3-none-manylinux_2_17_s390x.manylinux2014_s390x.whl", hash = "sha256:f24b47993a9d8cb858429e97bdf8544c78029f09b520af615c1d261bf827001d", size = 14460260, upload-time = "2025-12-18T19:29:27.808Z" },
    { url = "https://files.pythonhosted.org/packages/b3/19/9e050c0dca8aba824d67cc0db69fb459c28d8cd3f6855b1405b3f29cc91d/ruff-0.14.10-py3-none-manylinux_2_17_x86_64.manylinux2014_x86_64.whl", hash = "sha256:59aabd2e2c4fd614d2862e7939c34a532c04f1084476d6833dddef4afab87e9f", size = 14229978, upload-time = "2025-12-18T19:29:11.32Z" },
    { url = "https://files.pythonhosted.org/packages/51/eb/e8dd1dd6e05b9e695aa9dd420f4577debdd0f87a5ff2fedda33c09e9be8c/ruff-0.14.10-py3-none-manylinux_2_31_riscv64.whl", hash = "sha256:213db2b2e44be8625002dbea33bb9c60c66ea2c07c084a00d55732689d697a7f", size = 14338036, upload-time = "2025-12-18T19:29:09.184Z" },
    { url = "https://files.pythonhosted.org/packages/6a/12/f3e3a505db7c19303b70af370d137795fcfec136d670d5de5391e295c134/ruff-0.14.10-py3-none-musllinux_1_2_aarch64.whl", hash = "sha256:b914c40ab64865a17a9a5b67911d14df72346a634527240039eb3bd650e5979d", size = 13264051, upload-time = "2025-12-18T19:29:13.431Z" },
    { url = "https://files.pythonhosted.org/packages/08/64/8c3a47eaccfef8ac20e0484e68e0772013eb85802f8a9f7603ca751eb166/ruff-0.14.10-py3-none-musllinux_1_2_armv7l.whl", hash = "sha256:1484983559f026788e3a5c07c81ef7d1e97c1c78ed03041a18f75df104c45405", size = 13283998, upload-time = "2025-12-18T19:29:06.994Z" },
    { url = "https://files.pythonhosted.org/packages/12/84/534a5506f4074e5cc0529e5cd96cfc01bb480e460c7edf5af70d2bcae55e/ruff-0.14.10-py3-none-musllinux_1_2_i686.whl", hash = "sha256:c70427132db492d25f982fffc8d6c7535cc2fd2c83fc8888f05caaa248521e60", size = 13601891, upload-time = "2025-12-18T19:28:55.811Z" },
    { url = "https://files.pythonhosted.org/packages/0d/1e/14c916087d8598917dbad9b2921d340f7884824ad6e9c55de948a93b106d/ruff-0.14.10-py3-none-musllinux_1_2_x86_64.whl", hash = "sha256:5bcf45b681e9f1ee6445d317ce1fa9d6cba9a6049542d1c3d5b5958986be8830", size = 14336660, upload-time = "2025-12-18T19:29:16.531Z" },
    { url = "https://files.pythonhosted.org/packages/f2/1c/d7b67ab43f30013b47c12b42d1acd354c195351a3f7a1d67f59e54227ede/ruff-0.14.10-py3-none-win32.whl", hash = "sha256:104c49fc7ab73f3f3a758039adea978869a918f31b73280db175b43a2d9b51d6", size = 13196187, upload-time = "2025-12-18T19:29:19.006Z" },
    { url = "https://files.pythonhosted.org/packages/fb/9c/896c862e13886fae2af961bef3e6312db9ebc6adc2b156fe95e615dee8c1/ruff-0.14.10-py3-none-win_amd64.whl", hash = "sha256:466297bd73638c6bdf06485683e812db1c00c7ac96d4ddd0294a338c62fdc154", size = 14661283, upload-time = "2025-12-18T19:29:30.16Z" },
    { url = "https://files.pythonhosted.org/packages/74/31/b0e29d572670dca3674eeee78e418f20bdf97fa8aa9ea71380885e175ca0/ruff-0.14.10-py3-none-win_arm64.whl", hash = "sha256:e51d046cf6dda98a4633b8a8a771451107413b0f07183b2bef03f075599e44e6", size = 13729839, upload-time = "2025-12-18T19:28:48.636Z" },
]

[[package]]
name = "tabulate"
version = "0.9.0"
source = { registry = "https://pypi.org/simple" }
sdist = { url = "https://files.pythonhosted.org/packages/ec/fe/802052aecb21e3797b8f7902564ab6ea0d60ff8ca23952079064155d1ae1/tabulate-0.9.0.tar.gz", hash = "sha256:0095b12bf5966de529c0feb1fa08671671b3368eec77d7ef7ab114be2c068b3c", size = 81090, upload-time = "2022-10-06T17:21:48.54Z" }
wheels = [
    { url = "https://files.pythonhosted.org/packages/40/44/4a5f08c96eb108af5cb50b41f76142f0afa346dfa99d5296fe7202a11854/tabulate-0.9.0-py3-none-any.whl", hash = "sha256:024ca478df22e9340661486f85298cff5f6dcdba14f3813e8830015b9ed1948f", size = 35252, upload-time = "2022-10-06T17:21:44.262Z" },
]

[[package]]
name = "ty"
version = "0.0.35"
source = { registry = "https://pypi.org/simple" }
sdist = { url = "https://files.pythonhosted.org/packages/4e/53/440e7b1212c4b0abbd4adb7aed93f4971aa1f8dca386ac5515930afa9172/ty-0.0.35.tar.gz", hash = "sha256:8375c240ab38138a19db07996c9808fb7a92047c1492e1ce587c2ef5112ad3a9", size = 5629237, upload-time = "2026-05-10T18:25:17.105Z" }
wheels = [
    { url = "https://files.pythonhosted.org/packages/d4/84/19662ee881675815b7fafff940a365be1985730465afd9b75cb2edd5f8b3/ty-0.0.35-py3-none-linux_armv6l.whl", hash = "sha256:85ae1e59b9fb0b40e9d84fe61b29653c5f2f5e78b487ece371a7a38c20c781cf", size = 11198741, upload-time = "2026-05-10T18:24:49.378Z" },
    { url = "https://files.pythonhosted.org/packages/62/df/7e5b6f83d85b4d2e5b72b5dceb388f440acc10679417bd46f829b9200fab/ty-0.0.35-py3-none-macosx_10_12_x86_64.whl", hash = "sha256:709dbb7af4fcadb1196863c00b8791bbbbcc9dacbe15a0ff17f0af82b35d415b", size = 10948304, upload-time = "2026-05-10T18:24:58.246Z" },
    { url = "https://files.pythonhosted.org/packages/59/94/72d7263aca055cde427f0ebcf08d6a74e5a5fee1d1e7fdd553696089cecb/ty-0.0.35-py3-none-macosx_11_0_arm64.whl", hash = "sha256:2cb0877419ab0c8708b6925cb0c2800b263842bd3c425113f200538772f3a0cc", size = 10407413, upload-time = "2026-05-10T18:24:37.422Z" },
    { url = "https://files.pythonhosted.org/packages/b6/23/fda6fae8a81ce0cb5f24cdfe63260e110c7af8844e31fa07d1e6e8ef0232/ty-0.0.35-py3-none-manylinux_2_17_aarch64.manylinux2014_aarch64.whl", hash = "sha256:e7afbcfc61904b7e82e7fe1a1db832a40d8f01e69dee1775f6594e552980536c", size = 10932614, upload-time = "2026-05-10T18:24:47.401Z" },
    { url = "https://files.pythonhosted.org/packages/72/3d/b98d8d4aa1a5ed6daaf15864e838f605ca7b1e8b93b7e17b96ed4bc4dfed/ty-0.0.35-py3-none-manylinux_2_17_armv7l.manylinux2014_armv7l.whl", hash = "sha256:b61498cc3e4178031c079951257fbdb209a891b4feb10ad6c40f615a51846f41", size = 10962982, upload-time = "2026-05-10T18:24:44.88Z" },
    { url = "https://files.pythonhosted.org/packages/18/c4/2881aad71bf6fb2f8df17fc8e4bc89e904e54490a3ee747b5ef73f98ac85/ty-0.0.35-py3-none-manylinux_2_17_i686.manylinux2014_i686.whl", hash = "sha256:573b1eacda349fc8dba0d767b41631c3a6f66412363127c5bf2b1b40a1d898d2", size = 11476274, upload-time = "2026-05-10T18:24:42.4Z" },
    { url = "https://files.pythonhosted.org/packages/34/0f/7717650adaeaddd23eea70470e2c26d3f0b9b18fdc7f26ec9552d6001f17/ty-0.0.35-py3-none-manylinux_2_17_ppc64le.manylinux2014_ppc64le.whl", hash = "sha256:a7209746158d6393c1040aa64b3ca29622e212ea7d8bae22ba50dbcbb4f96f0a", size = 12012027, upload-time = "2026-05-10T18:25:00.752Z" },
    { url = "https://files.pythonhosted.org/packages/22/c9/1a16cb4aab6f4707d8f550772e91abc26d1c8870f19b5e2453ad10bb8209/ty-0.0.35-py3-none-manylinux_2_17_s390x.manylinux2014_s390x.whl", hash = "sha256:4466a1470aa4418d49a9aa45d9da7de42033addd0a2837c5b2b0eb71d3c2bcd3", size = 11648894, upload-time = "2026-05-10T18:25:12.44Z" },
    { url = "https://files.pythonhosted.org/packages/18/a1/a977c0e07e9f88db9c67f90c6342a4dc4422c8091fa07bf26521870687c5/ty-0.0.35-py3-none-manylinux_2_17_x86_64.manylinux2014_x86_64.whl", hash = "sha256:eb44bb742d52c309dcaa6598bcf4d82eb4bf1241b9e4940461e522e30093fe8b", size = 11560482, upload-time = "2026-05-10T18:25:05.172Z" },
    { url = "https://files.pythonhosted.org/packages/d6/c1/a5fb11227d5cc4ac3f29a115d8c8bc817578e8ef6907d1e4c914ddbf45ee/ty-0.0.35-py3-none-manylinux_2_31_riscv64.whl", hash = "sha256:34b219250736c989b2670a03782c61315f523f3a2be37f1f90b1207e2212c188", size = 11718495, upload-time = "2026-05-10T18:24:54.12Z" },
    { url = "https://files.pythonhosted.org/packages/3c/cb/e92e4317388b6d1fd821a46941b448a8a1ff0bf13e22147c5167d8fa1b00/ty-0.0.35-py3-none-musllinux_1_2_aarch64.whl", hash = "sha256:88e2ac497decc0940ef1a07571dee8a746112a93a09cdc7f8bca0099752e2e05", size = 10900815, upload-time = "2026-05-10T18:25:02.941Z" },
    { url = "https://files.pythonhosted.org/packages/e9/4f/03bd87388a92567f262f35ac64e10d2be047d258f2dfcf1405f500fa2b90/ty-0.0.35-py3-none-musllinux_1_2_armv7l.whl", hash = "sha256:02cae51b53e6ec17d5d827ff1a3a76fd119705b56a92156e04399eda6e911596", size = 10998051, upload-time = "2026-05-10T18:25:14.68Z" },
    { url = "https://files.pythonhosted.org/packages/b4/60/6edbc375ee6073973200096168f644e1081e5e55a7d42596826465b275de/ty-0.0.35-py3-none-musllinux_1_2_i686.whl", hash = "sha256:11871d730c9400d899ac0b9f3d660ed2e7e433377c8725549f8250a36a7f2620", size = 11148910, upload-time = "2026-05-10T18:24:51.842Z" },
    { url = "https://files.pythonhosted.org/packages/4d/b1/a845d2066ed521c477450f436d4bd353d107e7c02dd6536a485944aaf892/ty-0.0.35-py3-none-musllinux_1_2_x86_64.whl", hash = "sha256:1ad0a2f0530d0933dcc99ad36ac556c63e384ea72ab9a18d23ad2e2c9fd61c73", size = 11671005, upload-time = "2026-05-10T18:24:56.223Z" },
    { url = "https://files.pythonhosted.org/packages/73/81/1d5912a54fb66b2f95ac828ae61d422ef5afeae1263e4d231e40796c229f/ty-0.0.35-py3-none-win32.whl", hash = "sha256:0e25d63ec4ab116e7f6757e44d16ca9216bca679d19ecc36d119cf80faada61a", size = 10481096, upload-time = "2026-05-10T18:24:39.976Z" },
    { url = "https://files.pythonhosted.org/packages/3b/36/1c7f8632bfec1c321f01581d4c940a3617b24bd3e8b37c8a7363d33fbfc4/ty-0.0.35-py3-none-win_amd64.whl", hash = "sha256:6a0a6d259f6f2f8f2f954c6f013d4e0b5eba68af6b353bf19a47d59ec254a3d5", size = 11555691, upload-time = "2026-05-10T18:25:07.792Z" },
    { url = "https://files.pythonhosted.org/packages/7a/fb/59325221bce52f6e833d6865ce8360ef7d5e1e21151b38df6dc77c4327a7/ty-0.0.35-py3-none-win_arm64.whl", hash = "sha256:619c52c0fb2aa21961a848a1995135ad3b6d0a9aa54da0194e60f679cc200e13", size = 10925457, upload-time = "2026-05-10T18:25:10.352Z" },
]

[[package]]
name = "types-jsonschema"
version = "4.26.0.20260202"
source = { registry = "https://pypi.org/simple" }
dependencies = [
    { name = "referencing" },
]
sdist = { url = "https://files.pythonhosted.org/packages/a1/07/68f63e715eb327ed2f5292e29e8be99785db0f72c7664d2c63bd4dbdc29d/types_jsonschema-4.26.0.20260202.tar.gz", hash = "sha256:29831baa4308865a9aec547a61797a06fc152b0dac8dddd531e002f32265cb07", size = 16168, upload-time = "2026-02-02T04:11:22.585Z" }
wheels = [
    { url = "https://files.pythonhosted.org/packages/c1/06/962d4f364f779d7389cd31a1bb581907b057f52f0ace2c119a8dd8409db6/types_jsonschema-4.26.0.20260202-py3-none-any.whl", hash = "sha256:41c95343abc4de9264e333a55e95dfb4d401e463856d0164eec9cb182e8746da", size = 15914, upload-time = "2026-02-02T04:11:21.61Z" },
]

[[package]]
name = "types-tabulate"
version = "0.9.0.20241207"
source = { registry = "https://pypi.org/simple" }
sdist = { url = "https://files.pythonhosted.org/packages/3f/43/16030404a327e4ff8c692f2273854019ed36718667b2993609dc37d14dd4/types_tabulate-0.9.0.20241207.tar.gz", hash = "sha256:ac1ac174750c0a385dfd248edc6279fa328aaf4ea317915ab879a2ec47833230", size = 8195, upload-time = "2024-12-07T02:54:42.554Z" }
wheels = [
    { url = "https://files.pythonhosted.org/packages/5e/86/a9ebfd509cbe74471106dffed320e208c72537f9aeb0a55eaa6b1b5e4d17/types_tabulate-0.9.0.20241207-py3-none-any.whl", hash = "sha256:b8dad1343c2a8ba5861c5441370c3e35908edd234ff036d4298708a1d4cf8a85", size = 8307, upload-time = "2024-12-07T02:54:41.031Z" },
]

[[package]]
name = "typing-extensions"
version = "4.16.0"
source = { registry = "https://pypi.org/simple" }
sdist = { url = "https://files.pythonhosted.org/packages/f6/cc/6253133b5bb138fc3306cebfbda2c520f545d36b5be2c7255cc528bb45d6/typing_extensions-4.16.0.tar.gz", hash = "sha256:dc983d19a509c94dba722ee6abd33940f7c05a89e243c47e907eb4db6f1a43e5", size = 113555, upload-time = "2026-07-02T08:40:05.92Z" }
wheels = [
    { url = "https://files.pythonhosted.org/packages/49/d3/b8441a820a491ddfc024b0b0cf0393375b75ea13866d9c66727e54c2fc80/typing_extensions-4.16.0-py3-none-any.whl", hash = "sha256:481caa481374e813c1b176ada14e97f1f67a4539ce9cfeb3f350d78d6370c2e8", size = 45571, upload-time = "2026-07-02T08:40:04.659Z" },
]
